
Microsoft Visual Studio Solution File, Format Version 12.00
# Visual Studio Version 16
VisualStudioVersion = 16.0.30804.86
MinimumVisualStudioVersion = 10.0.40219.1
Project("{FAE04EC0-301F-11D3-BF4B-00C04F79EFBC}") = "WebAPIApp", "WebAPIApp\WebAPIApp.csproj", "{5FD5786B-C341-4B41-9469-361C7FF390E3}"
EndProject
Global
	GlobalSection(SolutionConfigurationPlatforms) = preSolution
		Debug|Any CPU = Debug|Any CPU
		Release|Any CPU = Release|Any CPU
	EndGlobalSection
	GlobalSection(ProjectConfigurationPlatforms) = postSolution
		{5FD5786B-C341-4B41-9469-361C7FF390E3}.Debug|Any CPU.ActiveCfg = Debug|Any CPU
		{5FD5786B-C341-4B41-9469-361C7FF390E3}.Debug|Any CPU.Build.0 = Debug|Any CPU
		{5FD5786B-C341-4B41-9469-361C7FF390E3}.Release|Any CPU.ActiveCfg = Release|Any CPU
		{5FD5786B-C341-4B41-9469-361C7FF390E3}.Release|Any CPU.Build.0 = Release|Any CPU
	EndGlobalSection
	GlobalSection(SolutionProperties) = preSolution
		HideSolutionNode = FALSE
	EndGlobalSection
	GlobalSection(ExtensibilityGlobals) = postSolution
		SolutionGuid = {AE4F41FA-FFBB-48BB-9FA3-055C33FFA1D6}
	EndGlobalSection
EndGlobal
